{
    "_readme": [
        "This file locks the dependencies of your project to a known state",
        "Read more about it at https://getcomposer.org/doc/01-basic-usage.md#installing-dependencies",
        "This file is @generated automatically"
    ],
    "content-hash": "1c21a441812ec634a729ead5d8179a0b",
    "packages": [
        {
            "name": "ianl28/starter-files",
            "version": "dev-main",
            "source": {
                "type": "git",
                "url": "https://github.com/ianlow27/starter-files.git",
                "reference": "d5dc219d4f7880f9d1c26169339897c34e08ce0a"
            },
            "dist": {
                "type": "zip",
                "url": "https://api.github.com/repos/ianlow27/starter-files/zipball/d5dc219d4f7880f9d1c26169339897c34e08ce0a",
                "reference": "d5dc219d4f7880f9d1c26169339897c34e08ce0a",
                "shasum": ""
            },
            "default-branch": true,
            "type": "library",
            "autoload": {
                "psr-4": {
                    "Ianl28\\StarterFiles\\": "src/"
                }
            },
            "notification-url": "https://packagist.org/downloads/",
            "license": [
                "MIT"
            ],
            "authors": [
                {
                    "name": "Ian Low",
                    "email": "ianlow28@gmail.com"
                }
            ],
            "description": "PHP class library to run as script from Composer in order to create the starter files for a PHP project.",
            "support": {
                "issues": "https://github.com/ianlow27/starter-files/issues",
                "source": "https://github.com/ianlow27/starter-files/tree/main"
            },
            "time": "2022-10-10T14:50:46+00:00"
        }
    ],
    "packages-dev": [],
    "aliases": [],
    "minimum-stability": "dev",
    "stability-flags": {
        "ianl28/starter-files": 20
    },
    "prefer-stable": false,
    "prefer-lowest": false,
    "platform": [],
    "platform-dev": [],
    "plugin-api-version": "2.0.0"
}
